// !$*UTF8*$!
{
	archiveVersion = 1;
	classes = {
	};
	objectVersion = 56;
	objects = {

/* Begin PBXBuildFile section */
		5D88360D2B999A4400E53E1D /* OnboardingViewModel.swift in Sources */ = {isa = PBXBuildFile; fileRef = 5D8835F72B999A4400E53E1D /* OnboardingViewModel.swift */; };
		5D88360E2B999A4400E53E1D /* Property.swift in Sources */ = {isa = PBXBuildFile; fileRef = 5D8835F92B999A4400E53E1D /* Property.swift */; };
		5D88360F2B999A4400E53E1D /* User.swift in Sources */ = {isa = PBXBuildFile; fileRef = 5D8835FA2B999A4400E53E1D /* User.swift */; };
		5D8836102B999A4400E53E1D /* HomeView.swift in Sources */ = {isa = PBXBuildFile; fileRef = 5D8835FE2B999A4400E53E1D /* HomeView.swift */; };
		5D8836112B999A4400E53E1D /* AddPostView.swift in Sources */ = {isa = PBXBuildFile; fileRef = 5D8836002B999A4400E53E1D /* AddPostView.swift */; };
		5D8836122B999A4400E53E1D /* TabbarView.swift in Sources */ = {isa = PBXBuildFile; fileRef = 5D8836012B999A4400E53E1D /* TabbarView.swift */; };
		5D8836132B999A4400E53E1D /* ProfileView.swift in Sources */ = {isa = PBXBuildFile; fileRef = 5D8836032B999A4400E53E1D /* ProfileView.swift */; };
		5D8836142B999A4400E53E1D /* ImagePicker.swift in Sources */ = {isa = PBXBuildFile; fileRef = 5D8836052B999A4400E53E1D /* ImagePicker.swift */; };
		5D8836152B999A4400E53E1D /* AppButton.swift in Sources */ = {isa = PBXBuildFile; fileRef = 5D8836062B999A4400E53E1D /* AppButton.swift */; };
		5D8836162B999A4400E53E1D /* TextField.swift in Sources */ = {isa = PBXBuildFile; fileRef = 5D8836072B999A4400E53E1D /* TextField.swift */; };
		5D8836172B999A4400E53E1D /* LoginView.swift in Sources */ = {isa = PBXBuildFile; fileRef = 5D8836092B999A4400E53E1D /* LoginView.swift */; };
		5D8836182B999A4400E53E1D /* LandingView.swift in Sources */ = {isa = PBXBuildFile; fileRef = 5D88360A2B999A4400E53E1D /* LandingView.swift */; };
		5D8836192B999A4400E53E1D /* CreateAccountView.swift in Sources */ = {isa = PBXBuildFile; fileRef = 5D88360B2B999A4400E53E1D /* CreateAccountView.swift */; };
		5D88361A2B999A4400E53E1D /* OnboardingTutorialView.swift in Sources */ = {isa = PBXBuildFile; fileRef = 5D88360C2B999A4400E53E1D /* OnboardingTutorialView.swift */; };
		5D88361C2B99A2DD00E53E1D /* Constants.swift in Sources */ = {isa = PBXBuildFile; fileRef = 5D88361B2B99A2DD00E53E1D /* Constants.swift */; };
		AB74FB682B9991D400E0BB2B /* Cricket_Team_ManagerApp.swift in Sources */ = {isa = PBXBuildFile; fileRef = AB74FB672B9991D400E0BB2B /* Cricket_Team_ManagerApp.swift */; };
		AB74FB6A2B9991D400E0BB2B /* ContentView.swift in Sources */ = {isa = PBXBuildFile; fileRef = AB74FB692B9991D400E0BB2B /* ContentView.swift */; };
		AB74FB6C2B9991D500E0BB2B /* Assets.xcassets in Resources */ = {isa = PBXBuildFile; fileRef = AB74FB6B2B9991D500E0BB2B /* Assets.xcassets */; };
		AB74FB6F2B9991D500E0BB2B /* Preview Assets.xcassets in Resources */ = {isa = PBXBuildFile; fileRef = AB74FB6E2B9991D500E0BB2B /* Preview Assets.xcassets */; };
		ABA2D1622B99939300535C75 /* HomeViewModel.swift in Sources */ = {isa = PBXBuildFile; fileRef = ABA2D15A2B99939300535C75 /* HomeViewModel.swift */; };
		ABA2D1632B99939300535C75 /* StorageManager.swift in Sources */ = {isa = PBXBuildFile; fileRef = ABA2D15C2B99939300535C75 /* StorageManager.swift */; };
		ABA2D1642B99939300535C75 /* FirestoreManager.swift in Sources */ = {isa = PBXBuildFile; fileRef = ABA2D15D2B99939300535C75 /* FirestoreManager.swift */; };
		ABA2D1652B99939300535C75 /* Extension+Numbers.swift in Sources */ = {isa = PBXBuildFile; fileRef = ABA2D15F2B99939300535C75 /* Extension+Numbers.swift */; };
		ABA2D1662B99939300535C75 /* Extension+String.swift in Sources */ = {isa = PBXBuildFile; fileRef = ABA2D1602B99939300535C75 /* Extension+String.swift */; };
		ABA2D1672B99939300535C75 /* Enum.swift in Sources */ = {isa = PBXBuildFile; fileRef = ABA2D1612B99939300535C75 /* Enum.swift */; };
		ABA2D1692B99944800535C75 /* GoogleService-Info.plist in Resources */ = {isa = PBXBuildFile; fileRef = ABA2D1682B99944800535C75 /* GoogleService-Info.plist */; };
		ABA2D16C2B99958700535C75 /* FirebaseAuth in Frameworks */ = {isa = PBXBuildFile; productRef = ABA2D16B2B99958700535C75 /* FirebaseAuth */; };
		ABA2D16E2B99958700535C75 /* FirebaseDatabaseSwift in Frameworks */ = {isa = PBXBuildFile; productRef = ABA2D16D2B99958700535C75 /* FirebaseDatabaseSwift */; };
		ABA2D1702B99958700535C75 /* FirebaseDynamicLinks in Frameworks */ = {isa = PBXBuildFile; productRef = ABA2D16F2B99958700535C75 /* FirebaseDynamicLinks */; };
		ABA2D1722B99958700535C75 /* FirebaseFirestore in Frameworks */ = {isa = PBXBuildFile; productRef = ABA2D1712B99958700535C75 /* FirebaseFirestore */; };
		ABA2D1742B99958700535C75 /* FirebaseFirestoreSwift in Frameworks */ = {isa = PBXBuildFile; productRef = ABA2D1732B99958700535C75 /* FirebaseFirestoreSwift */; };
		ABA2D1762B99958700535C75 /* FirebaseStorage in Frameworks */ = {isa = PBXBuildFile; productRef = ABA2D1752B99958700535C75 /* FirebaseStorage */; };
		ABA2D19B2B99A7C200535C75 /* SelectSignUP.swift in Sources */ = {isa = PBXBuildFile; fileRef = ABA2D19A2B99A7C200535C75 /* SelectSignUP.swift */; };
		ABA2D19D2B99A82E00535C75 /* CreateTeamView.swift in Sources */ = {isa = PBXBuildFile; fileRef = ABA2D19C2B99A82E00535C75 /* CreateTeamView.swift */; };
		ABA2D1A12B99B99900535C75 /* SignUpView.swift in Sources */ = {isa = PBXBuildFile; fileRef = ABA2D1A02B99B99900535C75 /* SignUpView.swift */; };
/* End PBXBuildFile section */

/* Begin PBXFileReference section */
		5D8835F72B999A4400E53E1D /* OnboardingViewModel.swift */ = {isa = PBXFileReference; fileEncoding = 4; lastKnownFileType = sourcecode.swift; path = OnboardingViewModel.swift; sourceTree = "<group>"; };
		5D8835F92B999A4400E53E1D /* Property.swift */ = {isa = PBXFileReference; fileEncoding = 4; lastKnownFileType = sourcecode.swift; path = Property.swift; sourceTree = "<group>"; };
		5D8835FA2B999A4400E53E1D /* User.swift */ = {isa = PBXFileReference; fileEncoding = 4; lastKnownFileType = sourcecode.swift; path = User.swift; sourceTree = "<group>"; };
		5D8835FE2B999A4400E53E1D /* HomeView.swift */ = {isa = PBXFileReference; fileEncoding = 4; lastKnownFileType = sourcecode.swift; path = HomeView.swift; sourceTree = "<group>"; };
		5D8836002B999A4400E53E1D /* AddPostView.swift */ = {isa = PBXFileReference; fileEncoding = 4; lastKnownFileType = sourcecode.swift; path = AddPostView.swift; sourceTree = "<group>"; };
		5D8836012B999A4400E53E1D /* TabbarView.swift */ = {isa = PBXFileReference; fileEncoding = 4; lastKnownFileType = sourcecode.swift; path = TabbarView.swift; sourceTree = "<group>"; };
		5D8836032B999A4400E53E1D /* ProfileView.swift */ = {isa = PBXFileReference; fileEncoding = 4; lastKnownFileType = sourcecode.swift; path = ProfileView.swift; sourceTree = "<group>"; };
		5D8836052B999A4400E53E1D /* ImagePicker.swift */ = {isa = PBXFileReference; fileEncoding = 4; lastKnownFileType = sourcecode.swift; path = ImagePicker.swift; sourceTree = "<group>"; };
		5D8836062B999A4400E53E1D /* AppButton.swift */ = {isa = PBXFileReference; fileEncoding = 4; lastKnownFileType = sourcecode.swift; path = AppButton.swift; sourceTree = "<group>"; };
		5D8836072B999A4400E53E1D /* TextField.swift */ = {isa = PBXFileReference; fileEncoding = 4; lastKnownFileType = sourcecode.swift; path = TextField.swift; sourceTree = "<group>"; };
		5D8836092B999A4400E53E1D /* LoginView.swift */ = {isa = PBXFileReference; fileEncoding = 4; lastKnownFileType = sourcecode.swift; path = LoginView.swift; sourceTree = "<group>"; };
		5D88360A2B999A4400E53E1D /* LandingView.swift */ = {isa = PBXFileReference; fileEncoding = 4; lastKnownFileType = sourcecode.swift; path = LandingView.swift; sourceTree = "<group>"; };
		5D88360B2B999A4400E53E1D /* CreateAccountView.swift */ = {isa = PBXFileReference; fileEncoding = 4; lastKnownFileType = sourcecode.swift; path = CreateAccountView.swift; sourceTree = "<group>"; };
		5D88360C2B999A4400E53E1D /* OnboardingTutorialView.swift */ = {isa = PBXFileReference; fileEncoding = 4; lastKnownFileType = sourcecode.swift; path = OnboardingTutorialView.swift; sourceTree = "<group>"; };
		5D88361B2B99A2DD00E53E1D /* Constants.swift */ = {isa = PBXFileReference; lastKnownFileType = sourcecode.swift; path = Constants.swift; sourceTree = "<group>"; };
		AB74FB642B9991D400E0BB2B /* Cricket-Team-Manager.app */ = {isa = PBXFileReference; explicitFileType = wrapper.application; includeInIndex = 0; path = "Cricket-Team-Manager.app"; sourceTree = BUILT_PRODUCTS_DIR; };
		AB74FB672B9991D400E0BB2B /* Cricket_Team_ManagerApp.swift */ = {isa = PBXFileReference; lastKnownFileType = sourcecode.swift; path = Cricket_Team_ManagerApp.swift; sourceTree = "<group>"; };
		AB74FB692B9991D400E0BB2B /* ContentView.swift */ = {isa = PBXFileReference; lastKnownFileType = sourcecode.swift; path = ContentView.swift; sourceTree = "<group>"; };
		AB74FB6B2B9991D500E0BB2B /* Assets.xcassets */ = {isa = PBXFileReference; lastKnownFileType = folder.assetcatalog; path = Assets.xcassets; sourceTree = "<group>"; };
		AB74FB6E2B9991D500E0BB2B /* Preview Assets.xcassets */ = {isa = PBXFileReference; lastKnownFileType = folder.assetcatalog; path = "Preview Assets.xcassets"; sourceTree = "<group>"; };
		ABA2D15A2B99939300535C75 /* HomeViewModel.swift */ = {isa = PBXFileReference; fileEncoding = 4; lastKnownFileType = sourcecode.swift; path = HomeViewModel.swift; sourceTree = "<group>"; };
		ABA2D15C2B99939300535C75 /* StorageManager.swift */ = {isa = PBXFileReference; fileEncoding = 4; lastKnownFileType = sourcecode.swift; path = StorageManager.swift; sourceTree = "<group>"; };
		ABA2D15D2B99939300535C75 /* FirestoreManager.swift */ = {isa = PBXFileReference; fileEncoding = 4; lastKnownFileType = sourcecode.swift; path = FirestoreManager.swift; sourceTree = "<group>"; };
		ABA2D15F2B99939300535C75 /* Extension+Numbers.swift */ = {isa = PBXFileReference; fileEncoding = 4; lastKnownFileType = sourcecode.swift; path = "Extension+Numbers.swift"; sourceTree = "<group>"; };
		ABA2D1602B99939300535C75 /* Extension+String.swift */ = {isa = PBXFileReference; fileEncoding = 4; lastKnownFileType = sourcecode.swift; path = "Extension+String.swift"; sourceTree = "<group>"; };
		ABA2D1612B99939300535C75 /* Enum.swift */ = {isa = PBXFileReference; fileEncoding = 4; lastKnownFileType = sourcecode.swift; path = Enum.swift; sourceTree = "<group>"; };
		ABA2D1682B99944800535C75 /* GoogleService-Info.plist */ = {isa = PBXFileReference; fileEncoding = 4; lastKnownFileType = text.plist.xml; path = "GoogleService-Info.plist"; sourceTree = "<group>"; };
		ABA2D19A2B99A7C200535C75 /* SelectSignUP.swift */ = {isa = PBXFileReference; lastKnownFileType = sourcecode.swift; path = SelectSignUP.swift; sourceTree = "<group>"; };
		ABA2D19C2B99A82E00535C75 /* CreateTeamView.swift */ = {isa = PBXFileReference; lastKnownFileType = sourcecode.swift; path = CreateTeamView.swift; sourceTree = "<group>"; };
		ABA2D1A02B99B99900535C75 /* SignUpView.swift */ = {isa = PBXFileReference; lastKnownFileType = sourcecode.swift; path = SignUpView.swift; sourceTree = "<group>"; };
/* End PBXFileReference section */

/* Begin PBXFrameworksBuildPhase section */
		AB74FB612B9991D400E0BB2B /* Frameworks */ = {
			isa = PBXFrameworksBuildPhase;
			buildActionMask = 2147483647;
			files = (
				ABA2D1742B99958700535C75 /* FirebaseFirestoreSwift in Frameworks */,
				ABA2D16E2B99958700535C75 /* FirebaseDatabaseSwift in Frameworks */,
				ABA2D1722B99958700535C75 /* FirebaseFirestore in Frameworks */,
				ABA2D16C2B99958700535C75 /* FirebaseAuth in Frameworks */,
				ABA2D1702B99958700535C75 /* FirebaseDynamicLinks in Frameworks */,
				ABA2D1762B99958700535C75 /* FirebaseStorage in Frameworks */,
			);
			runOnlyForDeploymentPostprocessing = 0;
		};
/* End PBXFrameworksBuildPhase section */

/* Begin PBXGroup section */
		5D8835F52B999A4400E53E1D /* MVVM */ = {
			isa = PBXGroup;
			children = (
				5D8835F62B999A4400E53E1D /* ViewModel */,
				5D8835F82B999A4400E53E1D /* Model */,
				5D8835FB2B999A4400E53E1D /* Views */,
			);
			path = MVVM;
			sourceTree = "<group>";
		};
		5D8835F62B999A4400E53E1D /* ViewModel */ = {
			isa = PBXGroup;
			children = (
				5D8835F72B999A4400E53E1D /* OnboardingViewModel.swift */,
			);
			path = ViewModel;
			sourceTree = "<group>";
		};
		5D8835F82B999A4400E53E1D /* Model */ = {
			isa = PBXGroup;
			children = (
				5D8835F92B999A4400E53E1D /* Property.swift */,
				5D8835FA2B999A4400E53E1D /* User.swift */,
			);
			path = Model;
			sourceTree = "<group>";
		};
		5D8835FB2B999A4400E53E1D /* Views */ = {
			isa = PBXGroup;
			children = (
				5D8835FC2B999A4400E53E1D /* Tabbar */,
				5D8836042B999A4400E53E1D /* Reuse Views */,
				5D8836082B999A4400E53E1D /* Onboarding */,
			);
			path = Views;
			sourceTree = "<group>";
		};
		5D8835FC2B999A4400E53E1D /* Tabbar */ = {
			isa = PBXGroup;
			children = (
				5D8835FD2B999A4400E53E1D /* Home */,
				5D8835FF2B999A4400E53E1D /* Post */,
				5D8836012B999A4400E53E1D /* TabbarView.swift */,
				5D8836022B999A4400E53E1D /* Profile */,
			);
			path = Tabbar;
			sourceTree = "<group>";
		};
		5D8835FD2B999A4400E53E1D /* Home */ = {
			isa = PBXGroup;
			children = (
				5D8835FE2B999A4400E53E1D /* HomeView.swift */,
			);
			path = Home;
			sourceTree = "<group>";
		};
		5D8835FF2B999A4400E53E1D /* Post */ = {
			isa = PBXGroup;
			children = (
				5D8836002B999A4400E53E1D /* AddPostView.swift */,
			);
			path = Post;
			sourceTree = "<group>";
		};
		5D8836022B999A4400E53E1D /* Profile */ = {
			isa = PBXGroup;
			children = (
				5D8836032B999A4400E53E1D /* ProfileView.swift */,
			);
			path = Profile;
			sourceTree = "<group>";
		};
		5D8836042B999A4400E53E1D /* Reuse Views */ = {
			isa = PBXGroup;
			children = (
				5D8836052B999A4400E53E1D /* ImagePicker.swift */,
				5D8836062B999A4400E53E1D /* AppButton.swift */,
				5D8836072B999A4400E53E1D /* TextField.swift */,
			);
			path = "Reuse Views";
			sourceTree = "<group>";
		};
		5D8836082B999A4400E53E1D /* Onboarding */ = {
			isa = PBXGroup;
			children = (
				5D88360A2B999A4400E53E1D /* LandingView.swift */,
				5D8836092B999A4400E53E1D /* LoginView.swift */,
				5D88360B2B999A4400E53E1D /* CreateAccountView.swift */,
				ABA2D1A02B99B99900535C75 /* SignUpView.swift */,
				ABA2D19C2B99A82E00535C75 /* CreateTeamView.swift */,
				5D88360C2B999A4400E53E1D /* OnboardingTutorialView.swift */,
				ABA2D19A2B99A7C200535C75 /* SelectSignUP.swift */,
			);
			path = Onboarding;
			sourceTree = "<group>";
		};
		AB74FB5B2B9991D400E0BB2B = {
			isa = PBXGroup;
			children = (
				AB74FB662B9991D400E0BB2B /* Cricket-Team-Manager */,
				AB74FB652B9991D400E0BB2B /* Products */,
			);
			sourceTree = "<group>";
		};
		AB74FB652B9991D400E0BB2B /* Products */ = {
			isa = PBXGroup;
			children = (
				AB74FB642B9991D400E0BB2B /* Cricket-Team-Manager.app */,
			);
			name = Products;
			sourceTree = "<group>";
		};
		AB74FB662B9991D400E0BB2B /* Cricket-Team-Manager */ = {
			isa = PBXGroup;
			children = (
				5D8835F52B999A4400E53E1D /* MVVM */,
				ABA2D1592B99939300535C75 /* Supporting Files */,
				ABA2D1682B99944800535C75 /* GoogleService-Info.plist */,
				AB74FB672B9991D400E0BB2B /* Cricket_Team_ManagerApp.swift */,
				AB74FB692B9991D400E0BB2B /* ContentView.swift */,
				AB74FB6B2B9991D500E0BB2B /* Assets.xcassets */,
				AB74FB6D2B9991D500E0BB2B /* Preview Content */,
			);
			path = "Cricket-Team-Manager";
			sourceTree = "<group>";
		};
		AB74FB6D2B9991D500E0BB2B /* Preview Content */ = {
			isa = PBXGroup;
			children = (
				AB74FB6E2B9991D500E0BB2B /* Preview Assets.xcassets */,
			);
			path = "Preview Content";
			sourceTree = "<group>";
		};
		ABA2D1592B99939300535C75 /* Supporting Files */ = {
			isa = PBXGroup;
			children = (
				ABA2D15A2B99939300535C75 /* HomeViewModel.swift */,
				ABA2D15B2B99939300535C75 /* Managers */,
				ABA2D15E2B99939300535C75 /* Extensions */,
				ABA2D1612B99939300535C75 /* Enum.swift */,
				5D88361B2B99A2DD00E53E1D /* Constants.swift */,
			);
			path = "Supporting Files";
			sourceTree = "<group>";
		};
		ABA2D15B2B99939300535C75 /* Managers */ = {
			isa = PBXGroup;
			children = (
				ABA2D15C2B99939300535C75 /* StorageManager.swift */,
				ABA2D15D2B99939300535C75 /* FirestoreManager.swift */,
			);
			path = Managers;
			sourceTree = "<group>";
		};
		ABA2D15E2B99939300535C75 /* Extensions */ = {
			isa = PBXGroup;
			children = (
				ABA2D15F2B99939300535C75 /* Extension+Numbers.swift */,
				ABA2D1602B99939300535C75 /* Extension+String.swift */,
			);
			path = Extensions;
			sourceTree = "<group>";
		};
/* End PBXGroup section */

/* Begin PBXNativeTarget section */
		AB74FB632B9991D400E0BB2B /* Cricket-Team-Manager */ = {
			isa = PBXNativeTarget;
			buildConfigurationList = AB74FB722B9991D500E0BB2B /* Build configuration list for PBXNativeTarget "Cricket-Team-Manager" */;
			buildPhases = (
				AB74FB602B9991D400E0BB2B /* Sources */,
				AB74FB612B9991D400E0BB2B /* Frameworks */,
				AB74FB622B9991D400E0BB2B /* Resources */,
			);
			buildRules = (
			);
			dependencies = (
			);
			name = "Cricket-Team-Manager";
			packageProductDependencies = (
				ABA2D16B2B99958700535C75 /* FirebaseAuth */,
				ABA2D16D2B99958700535C75 /* FirebaseDatabaseSwift */,
				ABA2D16F2B99958700535C75 /* FirebaseDynamicLinks */,
				ABA2D1712B99958700535C75 /* FirebaseFirestore */,
				ABA2D1732B99958700535C75 /* FirebaseFirestoreSwift */,
				ABA2D1752B99958700535C75 /* FirebaseStorage */,
			);
			productName = "Cricket-Team-Manager";
			productReference = AB74FB642B9991D400E0BB2B /* Cricket-Team-Manager.app */;
			productType = "com.apple.product-type.application";
		};
/* End PBXNativeTarget section */

/* Begin PBXProject section */
		AB74FB5C2B9991D400E0BB2B /* Project object */ = {
			isa = PBXProject;
			attributes = {
				BuildIndependentTargetsInParallel = 1;
				LastSwiftUpdateCheck = 1520;
				LastUpgradeCheck = 1520;
				TargetAttributes = {
					AB74FB632B9991D400E0BB2B = {
						CreatedOnToolsVersion = 15.2;
					};
				};
			};
			buildConfigurationList = AB74FB5F2B9991D400E0BB2B /* Build configuration list for PBXProject "Cricket-Team-Manager" */;
			compatibilityVersion = "Xcode 14.0";
			developmentRegion = en;
			hasScannedForEncodings = 0;
			knownRegions = (
				en,
				Base,
			);
			mainGroup = AB74FB5B2B9991D400E0BB2B;
			packageReferences = (
				ABA2D16A2B99958700535C75 /* XCRemoteSwiftPackageReference "firebase-ios-sdk" */,
			);
			productRefGroup = AB74FB652B9991D400E0BB2B /* Products */;
			projectDirPath = "";
			projectRoot = "";
			targets = (
				AB74FB632B9991D400E0BB2B /* Cricket-Team-Manager */,
			);
		};
/* End PBXProject section */

/* Begin PBXResourcesBuildPhase section */
		AB74FB622B9991D400E0BB2B /* Resources */ = {
			isa = PBXResourcesBuildPhase;
			buildActionMask = 2147483647;
			files = (
				AB74FB6F2B9991D500E0BB2B /* Preview Assets.xcassets in Resources */,
				AB74FB6C2B9991D500E0BB2B /* Assets.xcassets in Resources */,
				ABA2D1692B99944800535C75 /* GoogleService-Info.plist in Resources */,
			);
			runOnlyForDeploymentPostprocessing = 0;
		};
/* End PBXResourcesBuildPhase section */

/* Begin PBXSourcesBuildPhase section */
		AB74FB602B9991D400E0BB2B /* Sources */ = {
			isa = PBXSourcesBuildPhase;
			buildActionMask = 2147483647;
			files = (
				5D88360E2B999A4400E53E1D /* Property.swift in Sources */,
				5D8836112B999A4400E53E1D /* AddPostView.swift in Sources */,
				ABA2D19D2B99A82E00535C75 /* CreateTeamView.swift in Sources */,
				ABA2D1622B99939300535C75 /* HomeViewModel.swift in Sources */,
				ABA2D19B2B99A7C200535C75 /* SelectSignUP.swift in Sources */,
				ABA2D1632B99939300535C75 /* StorageManager.swift in Sources */,
				ABA2D1672B99939300535C75 /* Enum.swift in Sources */,
				AB74FB6A2B9991D400E0BB2B /* ContentView.swift in Sources */,
				5D88361C2B99A2DD00E53E1D /* Constants.swift in Sources */,
				5D88360D2B999A4400E53E1D /* OnboardingViewModel.swift in Sources */,
				5D8836132B999A4400E53E1D /* ProfileView.swift in Sources */,
				ABA2D1A12B99B99900535C75 /* SignUpView.swift in Sources */,
				ABA2D1662B99939300535C75 /* Extension+String.swift in Sources */,
				5D88361A2B999A4400E53E1D /* OnboardingTutorialView.swift in Sources */,
				5D8836122B999A4400E53E1D /* TabbarView.swift in Sources */,
				5D8836192B999A4400E53E1D /* CreateAccountView.swift in Sources */,
				ABA2D1642B99939300535C75 /* FirestoreManager.swift in Sources */,
				5D8836152B999A4400E53E1D /* AppButton.swift in Sources */,
				ABA2D1652B99939300535C75 /* Extension+Numbers.swift in Sources */,
				5D8836102B999A4400E53E1D /* HomeView.swift in Sources */,
				5D8836142B999A4400E53E1D /* ImagePicker.swift in Sources */,
				5D8836162B999A4400E53E1D /* TextField.swift in Sources */,
				5D8836182B999A4400E53E1D /* LandingView.swift in Sources */,
				5D8836172B999A4400E53E1D /* LoginView.swift in Sources */,
				AB74FB682B9991D400E0BB2B /* Cricket_Team_ManagerApp.swift in Sources */,
				5D88360F2B999A4400E53E1D /* User.swift in Sources */,
			);
			runOnlyForDeploymentPostprocessing = 0;
		};
/* End PBXSourcesBuildPhase section */

/* Begin XCBuildConfiguration section */
		AB74FB702B9991D500E0BB2B /* Debug */ = {
			isa = XCBuildConfiguration;
			buildSettings = {
				ALWAYS_SEARCH_USER_PATHS = NO;
				ASSETCATALOG_COMPILER_GENERATE_SWIFT_ASSET_SYMBOL_EXTENSIONS = YES;
				CLANG_ANALYZER_NONNULL = YES;
				CLANG_ANALYZER_NUMBER_OBJECT_CONVERSION = YES_AGGRESSIVE;
				CLANG_CXX_LANGUAGE_STANDARD = "gnu++20";
				CLANG_ENABLE_MODULES = YES;
				CLANG_ENABLE_OBJC_ARC = YES;
				CLANG_ENABLE_OBJC_WEAK = YES;
				CLANG_WARN_BLOCK_CAPTURE_AUTORELEASING = YES;
				CLANG_WARN_BOOL_CONVERSION = YES;
				CLANG_WARN_COMMA = YES;
				CLANG_WARN_CONSTANT_CONVERSION = YES;
				CLANG_WARN_DEPRECATED_OBJC_IMPLEMENTATIONS = YES;
				CLANG_WARN_DIRECT_OBJC_ISA_USAGE = YES_ERROR;
				CLANG_WARN_DOCUMENTATION_COMMENTS = YES;
				CLANG_WARN_EMPTY_BODY = YES;
				CLANG_WARN_ENUM_CONVERSION = YES;
				CLANG_WARN_INFINITE_RECURSION = YES;
				CLANG_WARN_INT_CONVERSION = YES;
				CLANG_WARN_NON_LITERAL_NULL_CONVERSION = YES;
				CLANG_WARN_OBJC_IMPLICIT_RETAIN_SELF = YES;
				CLANG_WARN_OBJC_LITERAL_CONVERSION = YES;
				CLANG_WARN_OBJC_ROOT_CLASS = YES_ERROR;
				CLANG_WARN_QUOTED_INCLUDE_IN_FRAMEWORK_HEADER = YES;
				CLANG_WARN_RANGE_LOOP_ANALYSIS = YES;
				CLANG_WARN_STRICT_PROTOTYPES = YES;
				CLANG_WARN_SUSPICIOUS_MOVE = YES;
				CLANG_WARN_UNGUARDED_AVAILABILITY = YES_AGGRESSIVE;
				CLANG_WARN_UNREACHABLE_CODE = YES;
				CLANG_WARN__DUPLICATE_METHOD_MATCH = YES;
				COPY_PHASE_STRIP = NO;
				DEBUG_INFORMATION_FORMAT = dwarf;
				ENABLE_STRICT_OBJC_MSGSEND = YES;
				ENABLE_TESTABILITY = YES;
				ENABLE_USER_SCRIPT_SANDBOXING = YES;
				GCC_C_LANGUAGE_STANDARD = gnu17;
				GCC_DYNAMIC_NO_PIC = NO;
				GCC_NO_COMMON_BLOCKS = YES;
				GCC_OPTIMIZATION_LEVEL = 0;
				GCC_PREPROCESSOR_DEFINITIONS = (
					"DEBUG=1",
					"$(inherited)",
				);
				GCC_WARN_64_TO_32_BIT_CONVERSION = YES;
				GCC_WARN_ABOUT_RETURN_TYPE = YES_ERROR;
				GCC_WARN_UNDECLARED_SELECTOR = YES;
				GCC_WARN_UNINITIALIZED_AUTOS = YES_AGGRESSIVE;
				GCC_WARN_UNUSED_FUNCTION = YES;
				GCC_WARN_UNUSED_VARIABLE = YES;
				IPHONEOS_DEPLOYMENT_TARGET = 17.2;
				LOCALIZATION_PREFERS_STRING_CATALOGS = YES;
				MTL_ENABLE_DEBUG_INFO = INCLUDE_SOURCE;
				MTL_FAST_MATH = YES;
				ONLY_ACTIVE_ARCH = YES;
				SDKROOT = iphoneos;
				SWIFT_ACTIVE_COMPILATION_CONDITIONS = "DEBUG $(inherited)";
				SWIFT_OPTIMIZATION_LEVEL = "-Onone";
			};
			name = Debug;
		};
		AB74FB712B9991D500E0BB2B /* Release */ = {
			isa = XCBuildConfiguration;
			buildSettings = {
				ALWAYS_SEARCH_USER_PATHS = NO;
				ASSETCATALOG_COMPILER_GENERATE_SWIFT_ASSET_SYMBOL_EXTENSIONS = YES;
				CLANG_ANALYZER_NONNULL = YES;
				CLANG_ANALYZER_NUMBER_OBJECT_CONVERSION = YES_AGGRESSIVE;
				CLANG_CXX_LANGUAGE_STANDARD = "gnu++20";
				CLANG_ENABLE_MODULES = YES;
				CLANG_ENABLE_OBJC_ARC = YES;
				CLANG_ENABLE_OBJC_WEAK = YES;
				CLANG_WARN_BLOCK_CAPTURE_AUTORELEASING = YES;
				CLANG_WARN_BOOL_CONVERSION = YES;
				CLANG_WARN_COMMA = YES;
				CLANG_WARN_CONSTANT_CONVERSION = YES;
				CLANG_WARN_DEPRECATED_OBJC_IMPLEMENTATIONS = YES;
				CLANG_WARN_DIRECT_OBJC_ISA_USAGE = YES_ERROR;
				CLANG_WARN_DOCUMENTATION_COMMENTS = YES;
				CLANG_WARN_EMPTY_BODY = YES;
				CLANG_WARN_ENUM_CONVERSION = YES;
				CLANG_WARN_INFINITE_RECURSION = YES;
				CLANG_WARN_INT_CONVERSION = YES;
				CLANG_WARN_NON_LITERAL_NULL_CONVERSION = YES;
				CLANG_WARN_OBJC_IMPLICIT_RETAIN_SELF = YES;
				CLANG_WARN_OBJC_LITERAL_CONVERSION = YES;
				CLANG_WARN_OBJC_ROOT_CLASS = YES_ERROR;
				CLANG_WARN_QUOTED_INCLUDE_IN_FRAMEWORK_HEADER = YES;
				CLANG_WARN_RANGE_LOOP_ANALYSIS = YES;
				CLANG_WARN_STRICT_PROTOTYPES = YES;
				CLANG_WARN_SUSPICIOUS_MOVE = YES;
				CLANG_WARN_UNGUARDED_AVAILABILITY = YES_AGGRESSIVE;
				CLANG_WARN_UNREACHABLE_CODE = YES;
				CLANG_WARN__DUPLICATE_METHOD_MATCH = YES;
				COPY_PHASE_STRIP = NO;
				DEBUG_INFORMATION_FORMAT = "dwarf-with-dsym";
				ENABLE_NS_ASSERTIONS = NO;
				ENABLE_STRICT_OBJC_MSGSEND = YES;
				ENABLE_USER_SCRIPT_SANDBOXING = YES;
				GCC_C_LANGUAGE_STANDARD = gnu17;
				GCC_NO_COMMON_BLOCKS = YES;
				GCC_WARN_64_TO_32_BIT_CONVERSION = YES;
				GCC_WARN_ABOUT_RETURN_TYPE = YES_ERROR;
				GCC_WARN_UNDECLARED_SELECTOR = YES;
				GCC_WARN_UNINITIALIZED_AUTOS = YES_AGGRESSIVE;
				GCC_WARN_UNUSED_FUNCTION = YES;
				GCC_WARN_UNUSED_VARIABLE = YES;
				IPHONEOS_DEPLOYMENT_TARGET = 17.2;
				LOCALIZATION_PREFERS_STRING_CATALOGS = YES;
				MTL_ENABLE_DEBUG_INFO = NO;
				MTL_FAST_MATH = YES;
				SDKROOT = iphoneos;
				SWIFT_COMPILATION_MODE = wholemodule;
				VALIDATE_PRODUCT = YES;
			};
			name = Release;
		};
		AB74FB732B9991D500E0BB2B /* Debug */ = {
			isa = XCBuildConfiguration;
			buildSettings = {
				ASSETCATALOG_COMPILER_APPICON_NAME = AppIcon;
				ASSETCATALOG_COMPILER_GLOBAL_ACCENT_COLOR_NAME = AccentColor;
				CODE_SIGN_STYLE = Automatic;
				CURRENT_PROJECT_VERSION = 1;
				DEVELOPMENT_ASSET_PATHS = "\"Cricket-Team-Manager/Preview Content\"";
				DEVELOPMENT_TEAM = WXG7HSGQZP;
				ENABLE_PREVIEWS = YES;
				GENERATE_INFOPLIST_FILE = YES;
				INFOPLIST_KEY_UIApplicationSceneManifest_Generation = YES;
				INFOPLIST_KEY_UIApplicationSupportsIndirectInputEvents = YES;
				INFOPLIST_KEY_UILaunchScreen_Generation = YES;
				INFOPLIST_KEY_UISupportedInterfaceOrientations_iPad = "UIInterfaceOrientationPortrait UIInterfaceOrientationPortraitUpsideDown UIInterfaceOrientationLandscapeLeft UIInterfaceOrientationLandscapeRight";
				INFOPLIST_KEY_UISupportedInterfaceOrientations_iPhone = "UIInterfaceOrientationPortrait UIInterfaceOrientationLandscapeLeft UIInterfaceOrientationLandscapeRight";
				INFOPLIST_KEY_UIUserInterfaceStyle = Light;
				LD_RUNPATH_SEARCH_PATHS = (
					"$(inherited)",
					"@executable_path/Frameworks",
				);
				MARKETING_VERSION = 1.0;
				PRODUCT_BUNDLE_IDENTIFIER = Procom.Cricket.Team.Manager;
				PRODUCT_NAME = "$(TARGET_NAME)";
				SUPPORTED_PLATFORMS = "iphoneos iphonesimulator";
				SUPPORTS_MACCATALYST = NO;
				SUPPORTS_MAC_DESIGNED_FOR_IPHONE_IPAD = NO;
				SUPPORTS_XR_DESIGNED_FOR_IPHONE_IPAD = NO;
				SWIFT_EMIT_LOC_STRINGS = YES;
				SWIFT_VERSION = 5.0;
				TARGETED_DEVICE_FAMILY = 1;
			};
			name = Debug;
		};
		AB74FB742B9991D500E0BB2B /* Release */ = {
			isa = XCBuildConfiguration;
			buildSettings = {
				ASSETCATALOG_COMPILER_APPICON_NAME = AppIcon;
				ASSETCATALOG_COMPILER_GLOBAL_ACCENT_COLOR_NAME = AccentColor;
				CODE_SIGN_STYLE = Automatic;
				CURRENT_PROJECT_VERSION = 1;
				DEVELOPMENT_ASSET_PATHS = "\"Cricket-Team-Manager/Preview Content\"";
				DEVELOPMENT_TEAM = WXG7HSGQZP;
				ENABLE_PREVIEWS = YES;
				GENERATE_INFOPLIST_FILE = YES;
				INFOPLIST_KEY_UIApplicationSceneManifest_Generation = YES;
				INFOPLIST_KEY_UIApplicationSupportsIndirectInputEvents = YES;
				INFOPLIST_KEY_UILaunchScreen_Generation = YES;
				INFOPLIST_KEY_UISupportedInterfaceOrientations_iPad = "UIInterfaceOrientationPortrait UIInterfaceOrientationPortraitUpsideDown UIInterfaceOrientationLandscapeLeft UIInterfaceOrientationLandscapeRight";
				INFOPLIST_KEY_UISupportedInterfaceOrientations_iPhone = "UIInterfaceOrientationPortrait UIInterfaceOrientationLandscapeLeft UIInterfaceOrientationLandscapeRight";
				INFOPLIST_KEY_UIUserInterfaceStyle = Light;
				LD_RUNPATH_SEARCH_PATHS = (
					"$(inherited)",
					"@executable_path/Frameworks",
				);
				MARKETING_VERSION = 1.0;
				PRODUCT_BUNDLE_IDENTIFIER = Procom.Cricket.Team.Manager;
				PRODUCT_NAME = "$(TARGET_NAME)";
				SUPPORTED_PLATFORMS = "iphoneos iphonesimulator";
				SUPPORTS_MACCATALYST = NO;
				SUPPORTS_MAC_DESIGNED_FOR_IPHONE_IPAD = NO;
				SUPPORTS_XR_DESIGNED_FOR_IPHONE_IPAD = NO;
				SWIFT_EMIT_LOC_STRINGS = YES;
				SWIFT_VERSION = 5.0;
				TARGETED_DEVICE_FAMILY = 1;
			};
			name = Release;
		};
/* End XCBuildConfiguration section */

/* Begin XCConfigurationList section */
		AB74FB5F2B9991D400E0BB2B /* Build configuration list for PBXProject "Cricket-Team-Manager" */ = {
			isa = XCConfigurationList;
			buildConfigurations = (
				AB74FB702B9991D500E0BB2B /* Debug */,
				AB74FB712B9991D500E0BB2B /* Release */,
			);
			defaultConfigurationIsVisible = 0;
			defaultConfigurationName = Release;
		};
		AB74FB722B9991D500E0BB2B /* Build configuration list for PBXNativeTarget "Cricket-Team-Manager" */ = {
			isa = XCConfigurationList;
			buildConfigurations = (
				AB74FB732B9991D500E0BB2B /* Debug */,
				AB74FB742B9991D500E0BB2B /* Release */,
			);
			defaultConfigurationIsVisible = 0;
			defaultConfigurationName = Release;
		};
/* End XCConfigurationList section */

/* Begin XCRemoteSwiftPackageReference section */
		ABA2D16A2B99958700535C75 /* XCRemoteSwiftPackageReference "firebase-ios-sdk" */ = {
			isa = XCRemoteSwiftPackageReference;
			repositoryURL = "https://github.com/firebase/firebase-ios-sdk.git";
			requirement = {
				kind = upToNextMajorVersion;
				minimumVersion = 10.22.0;
			};
		};
/* End XCRemoteSwiftPackageReference section */

/* Begin XCSwiftPackageProductDependency section */
		ABA2D16B2B99958700535C75 /* FirebaseAuth */ = {
			isa = XCSwiftPackageProductDependency;
			package = ABA2D16A2B99958700535C75 /* XCRemoteSwiftPackageReference "firebase-ios-sdk" */;
			productName = FirebaseAuth;
		};
		ABA2D16D2B99958700535C75 /* FirebaseDatabaseSwift */ = {
			isa = XCSwiftPackageProductDependency;
			package = ABA2D16A2B99958700535C75 /* XCRemoteSwiftPackageReference "firebase-ios-sdk" */;
			productName = FirebaseDatabaseSwift;
		};
		ABA2D16F2B99958700535C75 /* FirebaseDynamicLinks */ = {
			isa = XCSwiftPackageProductDependency;
			package = ABA2D16A2B99958700535C75 /* XCRemoteSwiftPackageReference "firebase-ios-sdk" */;
			productName = FirebaseDynamicLinks;
		};
		ABA2D1712B99958700535C75 /* FirebaseFirestore */ = {
			isa = XCSwiftPackageProductDependency;
			package = ABA2D16A2B99958700535C75 /* XCRemoteSwiftPackageReference "firebase-ios-sdk" */;
			productName = FirebaseFirestore;
		};
		ABA2D1732B99958700535C75 /* FirebaseFirestoreSwift */ = {
			isa = XCSwiftPackageProductDependency;
			package = ABA2D16A2B99958700535C75 /* XCRemoteSwiftPackageReference "firebase-ios-sdk" */;
			productName = FirebaseFirestoreSwift;
		};
		ABA2D1752B99958700535C75 /* FirebaseStorage */ = {
			isa = XCSwiftPackageProductDependency;
			package = ABA2D16A2B99958700535C75 /* XCRemoteSwiftPackageReference "firebase-ios-sdk" */;
			productName = FirebaseStorage;
		};
/* End XCSwiftPackageProductDependency section */
	};
	rootObject = AB74FB5C2B9991D400E0BB2B /* Project object */;
}
